
Microsoft Visual Studio Solution File, Format Version 12.00
# Visual Studio Version 18
VisualStudioVersion = 18.2.11415.280
MinimumVisualStudioVersion = 10.0.40219.1
Project("{FAE04EC0-301F-11D3-BF4B-00C04F79EFBC}") = "VODPipeline.UI", "VODPipeline.UI.csproj", "{F4F2B6C2-12E5-DEA8-EFD9-E56EA3738666}"
EndProject
Global
	GlobalSection(SolutionConfigurationPlatforms) = preSolution
		Debug|Any CPU = Debug|Any CPU
		Release|Any CPU = Release|Any CPU
	EndGlobalSection
	GlobalSection(ProjectConfigurationPlatforms) = postSolution
		{F4F2B6C2-12E5-DEA8-EFD9-E56EA3738666}.Debug|Any CPU.ActiveCfg = Debug|Any CPU
		{F4F2B6C2-12E5-DEA8-EFD9-E56EA3738666}.Debug|Any CPU.Build.0 = Debug|Any CPU
		{F4F2B6C2-12E5-DEA8-EFD9-E56EA3738666}.Release|Any CPU.ActiveCfg = Release|Any CPU
		{F4F2B6C2-12E5-DEA8-EFD9-E56EA3738666}.Release|Any CPU.Build.0 = Release|Any CPU
	EndGlobalSection
	GlobalSection(SolutionProperties) = preSolution
		HideSolutionNode = FALSE
	EndGlobalSection
	GlobalSection(ExtensibilityGlobals) = postSolution
		SolutionGuid = {B3EB4046-57F0-410E-B197-75339005DA66}
	EndGlobalSection
EndGlobal
